
Microsoft Visual Studio Solution File, Format Version 12.00
# Visual Studio Version 17
VisualStudioVersion = 17.4.33110.190
MinimumVisualStudioVersion = 10.0.40219.1
Project("{FAE04EC0-301F-11D3-BF4B-00C04F79EFBC}") = "Direction Provinciale GRH", "Direction Provinciale GRH\Direction Provinciale GRH.csproj", "{7D604686-9FBC-4A07-99E4-F5F57E53B6AD}"
EndProject
Global
	GlobalSection(SolutionConfigurationPlatforms) = preSolution
		Debug|Any CPU = Debug|Any CPU
		Release|Any CPU = Release|Any CPU
	EndGlobalSection
	GlobalSection(ProjectConfigurationPlatforms) = postSolution
		{7D604686-9FBC-4A07-99E4-F5F57E53B6AD}.Debug|Any CPU.ActiveCfg = Debug|Any CPU
		{7D604686-9FBC-4A07-99E4-F5F57E53B6AD}.Debug|Any CPU.Build.0 = Debug|Any CPU
		{7D604686-9FBC-4A07-99E4-F5F57E53B6AD}.Release|Any CPU.ActiveCfg = Release|Any CPU
		{7D604686-9FBC-4A07-99E4-F5F57E53B6AD}.Release|Any CPU.Build.0 = Release|Any CPU
	EndGlobalSection
	GlobalSection(SolutionProperties) = preSolution
		HideSolutionNode = FALSE
	EndGlobalSection
	GlobalSection(ExtensibilityGlobals) = postSolution
		SolutionGuid = {84200AD6-68FA-47A6-A296-145B3D0D09B1}
	EndGlobalSection
EndGlobal
